// !$*UTF8*$!
{
	archiveVersion = 1;
	classes = {
	};
	objectVersion = 48;
	objects = {

/* Begin PBXBuildFile section */
		052A3697C5C8DF8F1C8044B6 /* Pods_CoinmarketCap.framework in Frameworks */ = {isa = PBXBuildFile; fileRef = 2F00AE94253047BF381C549F /* Pods_CoinmarketCap.framework */; };
		172533562045328A00ACD3DD /* CoionBaseCell.swift in Sources */ = {isa = PBXBuildFile; fileRef = 172533552045328A00ACD3DD /* CoionBaseCell.swift */; };
		172533582045366100ACD3DD /* CoinEnum.swift in Sources */ = {isa = PBXBuildFile; fileRef = 172533572045366100ACD3DD /* CoinEnum.swift */; };
		6334E62D203EB5980087CD18 /* AppDelegate.swift in Sources */ = {isa = PBXBuildFile; fileRef = 6334E62C203EB5980087CD18 /* AppDelegate.swift */; };
		6334E62F203EB5980087CD18 /* ViewController.swift in Sources */ = {isa = PBXBuildFile; fileRef = 6334E62E203EB5980087CD18 /* ViewController.swift */; };
		6334E632203EB5980087CD18 /* Main.storyboard in Resources */ = {isa = PBXBuildFile; fileRef = 6334E630203EB5980087CD18 /* Main.storyboard */; };
		6334E634203EB5980087CD18 /* Assets.xcassets in Resources */ = {isa = PBXBuildFile; fileRef = 6334E633203EB5980087CD18 /* Assets.xcassets */; };
		6334E637203EB5980087CD18 /* LaunchScreen.storyboard in Resources */ = {isa = PBXBuildFile; fileRef = 6334E635203EB5980087CD18 /* LaunchScreen.storyboard */; };
		6334E63F203EB96A0087CD18 /* CoinClass.swift in Sources */ = {isa = PBXBuildFile; fileRef = 6334E63E203EB96A0087CD18 /* CoinClass.swift */; };
		6334E642203EC91D0087CD18 /* CoinCell.swift in Sources */ = {isa = PBXBuildFile; fileRef = 6334E640203EC91D0087CD18 /* CoinCell.swift */; };
		6334E643203EC91D0087CD18 /* CoinCell.xib in Resources */ = {isa = PBXBuildFile; fileRef = 6334E641203EC91D0087CD18 /* CoinCell.xib */; };
		6334E6452040413A0087CD18 /* MVPCoin.swift in Sources */ = {isa = PBXBuildFile; fileRef = 6334E6442040413A0087CD18 /* MVPCoin.swift */; };
		6334E647204042240087CD18 /* CoinPresenterImp.swift in Sources */ = {isa = PBXBuildFile; fileRef = 6334E646204042240087CD18 /* CoinPresenterImp.swift */; };
		6334E649204045540087CD18 /* CoinInteractorImp.swift in Sources */ = {isa = PBXBuildFile; fileRef = 6334E648204045540087CD18 /* CoinInteractorImp.swift */; };
		6334E64B20408FEA0087CD18 /* Extensions.swift in Sources */ = {isa = PBXBuildFile; fileRef = 6334E64A20408FEA0087CD18 /* Extensions.swift */; };
		6334E64D2040A5E40087CD18 /* CardView.swift in Sources */ = {isa = PBXBuildFile; fileRef = 6334E64C2040A5E40087CD18 /* CardView.swift */; };
		6334E6532041EB4E0087CD18 /* SHPopup.swift in Sources */ = {isa = PBXBuildFile; fileRef = 6334E6522041EB4E0087CD18 /* SHPopup.swift */; };
		6334E6552041EC5D0087CD18 /* DetailCurrencyIDController.swift in Sources */ = {isa = PBXBuildFile; fileRef = 6334E6542041EC5D0087CD18 /* DetailCurrencyIDController.swift */; };
		6334E65720420E8B0087CD18 /* SelectedCoinClass.swift in Sources */ = {isa = PBXBuildFile; fileRef = 6334E65620420E8B0087CD18 /* SelectedCoinClass.swift */; };
		6334E65920431A0F0087CD18 /* CoinCellSmall.xib in Resources */ = {isa = PBXBuildFile; fileRef = 6334E65820431A0F0087CD18 /* CoinCellSmall.xib */; };
		6334E65B204321690087CD18 /* CoinCellSmall.swift in Sources */ = {isa = PBXBuildFile; fileRef = 6334E65A204321690087CD18 /* CoinCellSmall.swift */; };
/* End PBXBuildFile section */

/* Begin PBXFileReference section */
		172533552045328A00ACD3DD /* CoionBaseCell.swift */ = {isa = PBXFileReference; lastKnownFileType = sourcecode.swift; path = CoionBaseCell.swift; sourceTree = "<group>"; };
		172533572045366100ACD3DD /* CoinEnum.swift */ = {isa = PBXFileReference; lastKnownFileType = sourcecode.swift; path = CoinEnum.swift; sourceTree = "<group>"; };
		2F00AE94253047BF381C549F /* Pods_CoinmarketCap.framework */ = {isa = PBXFileReference; explicitFileType = wrapper.framework; includeInIndex = 0; path = Pods_CoinmarketCap.framework; sourceTree = BUILT_PRODUCTS_DIR; };
		628048A60EA15A56EDB32956 /* Pods-CoinmarketCap.debug.xcconfig */ = {isa = PBXFileReference; includeInIndex = 1; lastKnownFileType = text.xcconfig; name = "Pods-CoinmarketCap.debug.xcconfig"; path = "Pods/Target Support Files/Pods-CoinmarketCap/Pods-CoinmarketCap.debug.xcconfig"; sourceTree = "<group>"; };
		6334E629203EB5980087CD18 /* CoinmarketCap.app */ = {isa = PBXFileReference; explicitFileType = wrapper.application; includeInIndex = 0; path = CoinmarketCap.app; sourceTree = BUILT_PRODUCTS_DIR; };
		6334E62C203EB5980087CD18 /* AppDelegate.swift */ = {isa = PBXFileReference; lastKnownFileType = sourcecode.swift; path = AppDelegate.swift; sourceTree = "<group>"; };
		6334E62E203EB5980087CD18 /* ViewController.swift */ = {isa = PBXFileReference; lastKnownFileType = sourcecode.swift; path = ViewController.swift; sourceTree = "<group>"; };
		6334E631203EB5980087CD18 /* Base */ = {isa = PBXFileReference; lastKnownFileType = file.storyboard; name = Base; path = Base.lproj/Main.storyboard; sourceTree = "<group>"; };
		6334E633203EB5980087CD18 /* Assets.xcassets */ = {isa = PBXFileReference; lastKnownFileType = folder.assetcatalog; path = Assets.xcassets; sourceTree = "<group>"; };
		6334E636203EB5980087CD18 /* Base */ = {isa = PBXFileReference; lastKnownFileType = file.storyboard; name = Base; path = Base.lproj/LaunchScreen.storyboard; sourceTree = "<group>"; };
		6334E638203EB5980087CD18 /* Info.plist */ = {isa = PBXFileReference; lastKnownFileType = text.plist.xml; path = Info.plist; sourceTree = "<group>"; };
		6334E63E203EB96A0087CD18 /* CoinClass.swift */ = {isa = PBXFileReference; lastKnownFileType = sourcecode.swift; path = CoinClass.swift; sourceTree = "<group>"; };
		6334E640203EC91D0087CD18 /* CoinCell.swift */ = {isa = PBXFileReference; lastKnownFileType = sourcecode.swift; path = CoinCell.swift; sourceTree = "<group>"; };
		6334E641203EC91D0087CD18 /* CoinCell.xib */ = {isa = PBXFileReference; lastKnownFileType = file.xib; path = CoinCell.xib; sourceTree = "<group>"; };
		6334E6442040413A0087CD18 /* MVPCoin.swift */ = {isa = PBXFileReference; lastKnownFileType = sourcecode.swift; path = MVPCoin.swift; sourceTree = "<group>"; };
		6334E646204042240087CD18 /* CoinPresenterImp.swift */ = {isa = PBXFileReference; lastKnownFileType = sourcecode.swift; path = CoinPresenterImp.swift; sourceTree = "<group>"; };
		6334E648204045540087CD18 /* CoinInteractorImp.swift */ = {isa = PBXFileReference; lastKnownFileType = sourcecode.swift; path = CoinInteractorImp.swift; sourceTree = "<group>"; };
		6334E64A20408FEA0087CD18 /* Extensions.swift */ = {isa = PBXFileReference; lastKnownFileType = sourcecode.swift; path = Extensions.swift; sourceTree = "<group>"; };
		6334E64C2040A5E40087CD18 /* CardView.swift */ = {isa = PBXFileReference; lastKnownFileType = sourcecode.swift; path = CardView.swift; sourceTree = "<group>"; };
		6334E6522041EB4E0087CD18 /* SHPopup.swift */ = {isa = PBXFileReference; lastKnownFileType = sourcecode.swift; path = SHPopup.swift; sourceTree = "<group>"; };
		6334E6542041EC5D0087CD18 /* DetailCurrencyIDController.swift */ = {isa = PBXFileReference; lastKnownFileType = sourcecode.swift; path = DetailCurrencyIDController.swift; sourceTree = "<group>"; };
		6334E65620420E8B0087CD18 /* SelectedCoinClass.swift */ = {isa = PBXFileReference; lastKnownFileType = sourcecode.swift; path = SelectedCoinClass.swift; sourceTree = "<group>"; };
		6334E65820431A0F0087CD18 /* CoinCellSmall.xib */ = {isa = PBXFileReference; fileEncoding = 4; lastKnownFileType = file.xib; path = CoinCellSmall.xib; sourceTree = "<group>"; };
		6334E65A204321690087CD18 /* CoinCellSmall.swift */ = {isa = PBXFileReference; lastKnownFileType = sourcecode.swift; path = CoinCellSmall.swift; sourceTree = "<group>"; };
		921A8A87E1FA488599D9C72E /* Pods-CoinmarketCap.release.xcconfig */ = {isa = PBXFileReference; includeInIndex = 1; lastKnownFileType = text.xcconfig; name = "Pods-CoinmarketCap.release.xcconfig"; path = "Pods/Target Support Files/Pods-CoinmarketCap/Pods-CoinmarketCap.release.xcconfig"; sourceTree = "<group>"; };
/* End PBXFileReference section */

/* Begin PBXFrameworksBuildPhase section */
		6334E626203EB5980087CD18 /* Frameworks */ = {
			isa = PBXFrameworksBuildPhase;
			buildActionMask = 2147483647;
			files = (
				052A3697C5C8DF8F1C8044B6 /* Pods_CoinmarketCap.framework in Frameworks */,
			);
			runOnlyForDeploymentPostprocessing = 0;
		};
/* End PBXFrameworksBuildPhase section */

/* Begin PBXGroup section */
		1A18B19F208CCF7B6DF0F040 /* Frameworks */ = {
			isa = PBXGroup;
			children = (
				2F00AE94253047BF381C549F /* Pods_CoinmarketCap.framework */,
			);
			name = Frameworks;
			sourceTree = "<group>";
		};
		6334E620203EB5980087CD18 = {
			isa = PBXGroup;
			children = (
				6334E62B203EB5980087CD18 /* CoinmarketCap */,
				6334E62A203EB5980087CD18 /* Products */,
				99AF02E5DE08907C1470617D /* Pods */,
				1A18B19F208CCF7B6DF0F040 /* Frameworks */,
			);
			sourceTree = "<group>";
		};
		6334E62A203EB5980087CD18 /* Products */ = {
			isa = PBXGroup;
			children = (
				6334E629203EB5980087CD18 /* CoinmarketCap.app */,
			);
			name = Products;
			sourceTree = "<group>";
		};
		6334E62B203EB5980087CD18 /* CoinmarketCap */ = {
			isa = PBXGroup;
			children = (
				6334E6512040B4D40087CD18 /* Helpers */,
				6334E6502040B4970087CD18 /* Data */,
				6334E64F2040B4610087CD18 /* Cells */,
				6334E64E2040B4350087CD18 /* MVP */,
				6334E62C203EB5980087CD18 /* AppDelegate.swift */,
				6334E62E203EB5980087CD18 /* ViewController.swift */,
				6334E630203EB5980087CD18 /* Main.storyboard */,
				6334E633203EB5980087CD18 /* Assets.xcassets */,
				6334E635203EB5980087CD18 /* LaunchScreen.storyboard */,
				6334E638203EB5980087CD18 /* Info.plist */,
				6334E6542041EC5D0087CD18 /* DetailCurrencyIDController.swift */,
			);
			path = CoinmarketCap;
			sourceTree = "<group>";
		};
		6334E64E2040B4350087CD18 /* MVP */ = {
			isa = PBXGroup;
			children = (
				6334E6442040413A0087CD18 /* MVPCoin.swift */,
				6334E646204042240087CD18 /* CoinPresenterImp.swift */,
				6334E648204045540087CD18 /* CoinInteractorImp.swift */,
			);
			path = MVP;
			sourceTree = "<group>";
		};
		6334E64F2040B4610087CD18 /* Cells */ = {
			isa = PBXGroup;
			children = (
				6334E640203EC91D0087CD18 /* CoinCell.swift */,
				6334E641203EC91D0087CD18 /* CoinCell.xib */,
				6334E65A204321690087CD18 /* CoinCellSmall.swift */,
				6334E65820431A0F0087CD18 /* CoinCellSmall.xib */,
			);
			path = Cells;
			sourceTree = "<group>";
		};
		6334E6502040B4970087CD18 /* Data */ = {
			isa = PBXGroup;
			children = (
				6334E63E203EB96A0087CD18 /* CoinClass.swift */,
				6334E65620420E8B0087CD18 /* SelectedCoinClass.swift */,
				172533552045328A00ACD3DD /* CoionBaseCell.swift */,
				172533572045366100ACD3DD /* CoinEnum.swift */,
			);
			path = Data;
			sourceTree = "<group>";
		};
		6334E6512040B4D40087CD18 /* Helpers */ = {
			isa = PBXGroup;
			children = (
				6334E64A20408FEA0087CD18 /* Extensions.swift */,
				6334E64C2040A5E40087CD18 /* CardView.swift */,
				6334E6522041EB4E0087CD18 /* SHPopup.swift */,
			);
			path = Helpers;
			sourceTree = "<group>";
		};
		99AF02E5DE08907C1470617D /* Pods */ = {
			isa = PBXGroup;
			children = (
				628048A60EA15A56EDB32956 /* Pods-CoinmarketCap.debug.xcconfig */,
				921A8A87E1FA488599D9C72E /* Pods-CoinmarketCap.release.xcconfig */,
			);
			name = Pods;
			sourceTree = "<group>";
		};
/* End PBXGroup section */

/* Begin PBXNativeTarget section */
		6334E628203EB5980087CD18 /* CoinmarketCap */ = {
			isa = PBXNativeTarget;
			buildConfigurationList = 6334E63B203EB5980087CD18 /* Build configuration list for PBXNativeTarget "CoinmarketCap" */;
			buildPhases = (
				113AE27FD35B90C7FFC07626 /* [CP] Check Pods Manifest.lock */,
				6334E625203EB5980087CD18 /* Sources */,
				6334E626203EB5980087CD18 /* Frameworks */,
				6334E627203EB5980087CD18 /* Resources */,
				6387BA97E93AEAE8105B5626 /* [CP] Embed Pods Frameworks */,
				57949A8978AD3B80A7066C10 /* [CP] Copy Pods Resources */,
			);
			buildRules = (
			);
			dependencies = (
			);
			name = CoinmarketCap;
			productName = CoinmarketCap;
			productReference = 6334E629203EB5980087CD18 /* CoinmarketCap.app */;
			productType = "com.apple.product-type.application";
		};
/* End PBXNativeTarget section */

/* Begin PBXProject section */
		6334E621203EB5980087CD18 /* Project object */ = {
			isa = PBXProject;
			attributes = {
				LastSwiftUpdateCheck = 0920;
				LastUpgradeCheck = 0930;
				ORGANIZATIONNAME = "Richard Simpson";
				TargetAttributes = {
					6334E628203EB5980087CD18 = {
						CreatedOnToolsVersion = 9.2;
						ProvisioningStyle = Automatic;
					};
				};
			};
			buildConfigurationList = 6334E624203EB5980087CD18 /* Build configuration list for PBXProject "CoinmarketCap" */;
			compatibilityVersion = "Xcode 8.0";
			developmentRegion = en;
			hasScannedForEncodings = 0;
			knownRegions = (
				en,
				Base,
			);
			mainGroup = 6334E620203EB5980087CD18;
			productRefGroup = 6334E62A203EB5980087CD18 /* Products */;
			projectDirPath = "";
			projectRoot = "";
			targets = (
				6334E628203EB5980087CD18 /* CoinmarketCap */,
			);
		};
/* End PBXProject section */

/* Begin PBXResourcesBuildPhase section */
		6334E627203EB5980087CD18 /* Resources */ = {
			isa = PBXResourcesBuildPhase;
			buildActionMask = 2147483647;
			files = (
				6334E637203EB5980087CD18 /* LaunchScreen.storyboard in Resources */,
				6334E643203EC91D0087CD18 /* CoinCell.xib in Resources */,
				6334E634203EB5980087CD18 /* Assets.xcassets in Resources */,
				6334E632203EB5980087CD18 /* Main.storyboard in Resources */,
				6334E65920431A0F0087CD18 /* CoinCellSmall.xib in Resources */,
			);
			runOnlyForDeploymentPostprocessing = 0;
		};
/* End PBXResourcesBuildPhase section */

/* Begin PBXShellScriptBuildPhase section */
		113AE27FD35B90C7FFC07626 /* [CP] Check Pods Manifest.lock */ = {
			isa = PBXShellScriptBuildPhase;
			buildActionMask = 2147483647;
			files = (
			);
			inputPaths = (
				"${PODS_PODFILE_DIR_PATH}/Podfile.lock",
				"${PODS_ROOT}/Manifest.lock",
			);
			name = "[CP] Check Pods Manifest.lock";
			outputPaths = (
				"$(DERIVED_FILE_DIR)/Pods-CoinmarketCap-checkManifestLockResult.txt",
			);
			runOnlyForDeploymentPostprocessing = 0;
			shellPath = /bin/sh;
			shellScript = "diff \"${PODS_PODFILE_DIR_PATH}/Podfile.lock\" \"${PODS_ROOT}/Manifest.lock\" > /dev/null\nif [ $? != 0 ] ; then\n    # print error to STDERR\n    echo \"error: The sandbox is not in sync with the Podfile.lock. Run 'pod install' or update your CocoaPods installation.\" >&2\n    exit 1\nfi\n# This output is used by Xcode 'outputs' to avoid re-running this script phase.\necho \"SUCCESS\" > \"${SCRIPT_OUTPUT_FILE_0}\"\n";
			showEnvVarsInLog = 0;
		};
		57949A8978AD3B80A7066C10 /* [CP] Copy Pods Resources */ = {
			isa = PBXShellScriptBuildPhase;
			buildActionMask = 2147483647;
			files = (
			);
			inputPaths = (
			);
			name = "[CP] Copy Pods Resources";
			outputPaths = (
			);
			runOnlyForDeploymentPostprocessing = 0;
			shellPath = /bin/sh;
			shellScript = "\"${SRCROOT}/Pods/Target Support Files/Pods-CoinmarketCap/Pods-CoinmarketCap-resources.sh\"\n";
			showEnvVarsInLog = 0;
		};
		6387BA97E93AEAE8105B5626 /* [CP] Embed Pods Frameworks */ = {
			isa = PBXShellScriptBuildPhase;
			buildActionMask = 2147483647;
			files = (
			);
			inputPaths = (
				"${SRCROOT}/Pods/Target Support Files/Pods-CoinmarketCap/Pods-CoinmarketCap-frameworks.sh",
				"${BUILT_PRODUCTS_DIR}/Alamofire/Alamofire.framework",
				"${BUILT_PRODUCTS_DIR}/Unbox/Unbox.framework",
				"${BUILT_PRODUCTS_DIR}/UnboxedAlamofire/UnboxedAlamofire.framework",
			);
			name = "[CP] Embed Pods Frameworks";
			outputPaths = (
				"${TARGET_BUILD_DIR}/${FRAMEWORKS_FOLDER_PATH}/Alamofire.framework",
				"${TARGET_BUILD_DIR}/${FRAMEWORKS_FOLDER_PATH}/Unbox.framework",
				"${TARGET_BUILD_DIR}/${FRAMEWORKS_FOLDER_PATH}/UnboxedAlamofire.framework",
			);
			runOnlyForDeploymentPostprocessing = 0;
			shellPath = /bin/sh;
			shellScript = "\"${SRCROOT}/Pods/Target Support Files/Pods-CoinmarketCap/Pods-CoinmarketCap-frameworks.sh\"\n";
			showEnvVarsInLog = 0;
		};
/* End PBXShellScriptBuildPhase section */

/* Begin PBXSourcesBuildPhase section */
		6334E625203EB5980087CD18 /* Sources */ = {
			isa = PBXSourcesBuildPhase;
			buildActionMask = 2147483647;
			files = (
				6334E65B204321690087CD18 /* CoinCellSmall.swift in Sources */,
				6334E6452040413A0087CD18 /* MVPCoin.swift in Sources */,
				172533562045328A00ACD3DD /* CoionBaseCell.swift in Sources */,
				6334E64D2040A5E40087CD18 /* CardView.swift in Sources */,
				6334E65720420E8B0087CD18 /* SelectedCoinClass.swift in Sources */,
				6334E63F203EB96A0087CD18 /* CoinClass.swift in Sources */,
				6334E642203EC91D0087CD18 /* CoinCell.swift in Sources */,
				6334E64B20408FEA0087CD18 /* Extensions.swift in Sources */,
				172533582045366100ACD3DD /* CoinEnum.swift in Sources */,
				6334E647204042240087CD18 /* CoinPresenterImp.swift in Sources */,
				6334E649204045540087CD18 /* CoinInteractorImp.swift in Sources */,
				6334E6552041EC5D0087CD18 /* DetailCurrencyIDController.swift in Sources */,
				6334E6532041EB4E0087CD18 /* SHPopup.swift in Sources */,
				6334E62F203EB5980087CD18 /* ViewController.swift in Sources */,
				6334E62D203EB5980087CD18 /* AppDelegate.swift in Sources */,
			);
			runOnlyForDeploymentPostprocessing = 0;
		};
/* End PBXSourcesBuildPhase section */

/* Begin PBXVariantGroup section */
		6334E630203EB5980087CD18 /* Main.storyboard */ = {
			isa = PBXVariantGroup;
			children = (
				6334E631203EB5980087CD18 /* Base */,
			);
			name = Main.storyboard;
			sourceTree = "<group>";
		};
		6334E635203EB5980087CD18 /* LaunchScreen.storyboard */ = {
			isa = PBXVariantGroup;
			children = (
				6334E636203EB5980087CD18 /* Base */,
			);
			name = LaunchScreen.storyboard;
			sourceTree = "<group>";
		};
/* End PBXVariantGroup section */

/* Begin XCBuildConfiguration section */
		6334E639203EB5980087CD18 /* Debug */ = {
			isa = XCBuildConfiguration;
			buildSettings = {
				ALWAYS_SEARCH_USER_PATHS = NO;
				CLANG_ANALYZER_NONNULL = YES;
				CLANG_ANALYZER_NUMBER_OBJECT_CONVERSION = YES_AGGRESSIVE;
				CLANG_CXX_LANGUAGE_STANDARD = "gnu++14";
				CLANG_CXX_LIBRARY = "libc++";
				CLANG_ENABLE_MODULES = YES;
				CLANG_ENABLE_OBJC_ARC = YES;
				CLANG_WARN_BLOCK_CAPTURE_AUTORELEASING = YES;
				CLANG_WARN_BOOL_CONVERSION = YES;
				CLANG_WARN_COMMA = YES;
				CLANG_WARN_CONSTANT_CONVERSION = YES;
				CLANG_WARN_DEPRECATED_OBJC_IMPLEMENTATIONS = YES;
				CLANG_WARN_DIRECT_OBJC_ISA_USAGE = YES_ERROR;
				CLANG_WARN_DOCUMENTATION_COMMENTS = YES;
				CLANG_WARN_EMPTY_BODY = YES;
				CLANG_WARN_ENUM_CONVERSION = YES;
				CLANG_WARN_INFINITE_RECURSION = YES;
				CLANG_WARN_INT_CONVERSION = YES;
				CLANG_WARN_NON_LITERAL_NULL_CONVERSION = YES;
				CLANG_WARN_OBJC_IMPLICIT_RETAIN_SELF = YES;
				CLANG_WARN_OBJC_LITERAL_CONVERSION = YES;
				CLANG_WARN_OBJC_ROOT_CLASS = YES_ERROR;
				CLANG_WARN_RANGE_LOOP_ANALYSIS = YES;
				CLANG_WARN_STRICT_PROTOTYPES = YES;
				CLANG_WARN_SUSPICIOUS_MOVE = YES;
				CLANG_WARN_UNGUARDED_AVAILABILITY = YES_AGGRESSIVE;
				CLANG_WARN_UNREACHABLE_CODE = YES;
				CLANG_WARN__DUPLICATE_METHOD_MATCH = YES;
				CODE_SIGN_IDENTITY = "iPhone Developer";
				COPY_PHASE_STRIP = NO;
				DEBUG_INFORMATION_FORMAT = dwarf;
				ENABLE_STRICT_OBJC_MSGSEND = YES;
				ENABLE_TESTABILITY = YES;
				GCC_C_LANGUAGE_STANDARD = gnu11;
				GCC_DYNAMIC_NO_PIC = NO;
				GCC_NO_COMMON_BLOCKS = YES;
				GCC_OPTIMIZATION_LEVEL = 0;
				GCC_PREPROCESSOR_DEFINITIONS = (
					"DEBUG=1",
					"$(inherited)",
				);
				GCC_WARN_64_TO_32_BIT_CONVERSION = YES;
				GCC_WARN_ABOUT_RETURN_TYPE = YES_ERROR;
				GCC_WARN_UNDECLARED_SELECTOR = YES;
				GCC_WARN_UNINITIALIZED_AUTOS = YES_AGGRESSIVE;
				GCC_WARN_UNUSED_FUNCTION = YES;
				GCC_WARN_UNUSED_VARIABLE = YES;
				IPHONEOS_DEPLOYMENT_TARGET = 11.2;
				MTL_ENABLE_DEBUG_INFO = YES;
				ONLY_ACTIVE_ARCH = YES;
				SDKROOT = iphoneos;
				SWIFT_ACTIVE_COMPILATION_CONDITIONS = DEBUG;
				SWIFT_OPTIMIZATION_LEVEL = "-Onone";
			};
			name = Debug;
		};
		6334E63A203EB5980087CD18 /* Release */ = {
			isa = XCBuildConfiguration;
			buildSettings = {
				ALWAYS_SEARCH_USER_PATHS = NO;
				CLANG_ANALYZER_NONNULL = YES;
				CLANG_ANALYZER_NUMBER_OBJECT_CONVERSION = YES_AGGRESSIVE;
				CLANG_CXX_LANGUAGE_STANDARD = "gnu++14";
				CLANG_CXX_LIBRARY = "libc++";
				CLANG_ENABLE_MODULES = YES;
				CLANG_ENABLE_OBJC_ARC = YES;
				CLANG_WARN_BLOCK_CAPTURE_AUTORELEASING = YES;
				CLANG_WARN_BOOL_CONVERSION = YES;
				CLANG_WARN_COMMA = YES;
				CLANG_WARN_CONSTANT_CONVERSION = YES;
				CLANG_WARN_DEPRECATED_OBJC_IMPLEMENTATIONS = YES;
				CLANG_WARN_DIRECT_OBJC_ISA_USAGE = YES_ERROR;
				CLANG_WARN_DOCUMENTATION_COMMENTS = YES;
				CLANG_WARN_EMPTY_BODY = YES;
				CLANG_WARN_ENUM_CONVERSION = YES;
				CLANG_WARN_INFINITE_RECURSION = YES;
				CLANG_WARN_INT_CONVERSION = YES;
				CLANG_WARN_NON_LITERAL_NULL_CONVERSION = YES;
				CLANG_WARN_OBJC_IMPLICIT_RETAIN_SELF = YES;
				CLANG_WARN_OBJC_LITERAL_CONVERSION = YES;
				CLANG_WARN_OBJC_ROOT_CLASS = YES_ERROR;
				CLANG_WARN_RANGE_LOOP_ANALYSIS = YES;
				CLANG_WARN_STRICT_PROTOTYPES = YES;
				CLANG_WARN_SUSPICIOUS_MOVE = YES;
				CLANG_WARN_UNGUARDED_AVAILABILITY = YES_AGGRESSIVE;
				CLANG_WARN_UNREACHABLE_CODE = YES;
				CLANG_WARN__DUPLICATE_METHOD_MATCH = YES;
				CODE_SIGN_IDENTITY = "iPhone Developer";
				COPY_PHASE_STRIP = NO;
				DEBUG_INFORMATION_FORMAT = "dwarf-with-dsym";
				ENABLE_NS_ASSERTIONS = NO;
				ENABLE_STRICT_OBJC_MSGSEND = YES;
				GCC_C_LANGUAGE_STANDARD = gnu11;
				GCC_NO_COMMON_BLOCKS = YES;
				GCC_WARN_64_TO_32_BIT_CONVERSION = YES;
				GCC_WARN_ABOUT_RETURN_TYPE = YES_ERROR;
				GCC_WARN_UNDECLARED_SELECTOR = YES;
				GCC_WARN_UNINITIALIZED_AUTOS = YES_AGGRESSIVE;
				GCC_WARN_UNUSED_FUNCTION = YES;
				GCC_WARN_UNUSED_VARIABLE = YES;
				IPHONEOS_DEPLOYMENT_TARGET = 11.2;
				MTL_ENABLE_DEBUG_INFO = NO;
				SDKROOT = iphoneos;
				SWIFT_OPTIMIZATION_LEVEL = "-Owholemodule";
				VALIDATE_PRODUCT = YES;
			};
			name = Release;
		};
		6334E63C203EB5980087CD18 /* Debug */ = {
			isa = XCBuildConfiguration;
			baseConfigurationReference = 628048A60EA15A56EDB32956 /* Pods-CoinmarketCap.debug.xcconfig */;
			buildSettings = {
				ASSETCATALOG_COMPILER_APPICON_NAME = AppIcon;
				CODE_SIGN_STYLE = Automatic;
				DEVELOPMENT_TEAM = 2KF8JZ8L5A;
				INFOPLIST_FILE = CoinmarketCap/Info.plist;
				LD_RUNPATH_SEARCH_PATHS = "$(inherited) @executable_path/Frameworks";
				PRODUCT_BUNDLE_IDENTIFIER = "Richard-Simpson.CoinmarketCap";
				PRODUCT_NAME = "$(TARGET_NAME)";
				SWIFT_VERSION = 4.0;
				TARGETED_DEVICE_FAMILY = "1,2";
			};
			name = Debug;
		};
		6334E63D203EB5980087CD18 /* Release */ = {
			isa = XCBuildConfiguration;
			baseConfigurationReference = 921A8A87E1FA488599D9C72E /* Pods-CoinmarketCap.release.xcconfig */;
			buildSettings = {
				ASSETCATALOG_COMPILER_APPICON_NAME = AppIcon;
				CODE_SIGN_STYLE = Automatic;
				DEVELOPMENT_TEAM = 2KF8JZ8L5A;
				INFOPLIST_FILE = CoinmarketCap/Info.plist;
				LD_RUNPATH_SEARCH_PATHS = "$(inherited) @executable_path/Frameworks";
				PRODUCT_BUNDLE_IDENTIFIER = "Richard-Simpson.CoinmarketCap";
				PRODUCT_NAME = "$(TARGET_NAME)";
				SWIFT_VERSION = 4.0;
				TARGETED_DEVICE_FAMILY = "1,2";
			};
			name = Release;
		};
/* End XCBuildConfiguration section */

/* Begin XCConfigurationList section */
		6334E624203EB5980087CD18 /* Build configuration list for PBXProject "CoinmarketCap" */ = {
			isa = XCConfigurationList;
			buildConfigurations = (
				6334E639203EB5980087CD18 /* Debug */,
				6334E63A203EB5980087CD18 /* Release */,
			);
			defaultConfigurationIsVisible = 0;
			defaultConfigurationName = Release;
		};
		6334E63B203EB5980087CD18 /* Build configuration list for PBXNativeTarget "CoinmarketCap" */ = {
			isa = XCConfigurationList;
			buildConfigurations = (
				6334E63C203EB5980087CD18 /* Debug */,
				6334E63D203EB5980087CD18 /* Release */,
			);
			defaultConfigurationIsVisible = 0;
			defaultConfigurationName = Release;
		};
/* End XCConfigurationList section */
	};
	rootObject = 6334E621203EB5980087CD18 /* Project object */;
}
